
Microsoft Visual Studio Solution File, Format Version 12.00
# Visual Studio Version 16
VisualStudioVersion = 16.0.29519.181
MinimumVisualStudioVersion = 10.0.40219.1
Project("{888888A0-9F3D-457C-B088-3A5042F75D52}") = "COVID19Argentina", "COVID19Argentina.pyproj", "{8C664F39-90DE-483E-8BAD-EFA678E548C8}"
EndProject
Global
	GlobalSection(SolutionConfigurationPlatforms) = preSolution
		Debug|Any CPU = Debug|Any CPU
		Release|Any CPU = Release|Any CPU
	EndGlobalSection
	GlobalSection(ProjectConfigurationPlatforms) = postSolution
		{8C664F39-90DE-483E-8BAD-EFA678E548C8}.Debug|Any CPU.ActiveCfg = Debug|Any CPU
		{8C664F39-90DE-483E-8BAD-EFA678E548C8}.Release|Any CPU.ActiveCfg = Release|Any CPU
	EndGlobalSection
	GlobalSection(SolutionProperties) = preSolution
		HideSolutionNode = FALSE
	EndGlobalSection
	GlobalSection(ExtensibilityGlobals) = postSolution
		SolutionGuid = {B06C5533-0C7D-487A-A672-F7A6A3E56AAE}
	EndGlobalSection
EndGlobal
